
Microsoft Visual Studio Solution File, Format Version 12.00
# Visual Studio Version 16
VisualStudioVersion = 16.0.30011.22
MinimumVisualStudioVersion = 10.0.40219.1
Project("{9092AA53-FB77-4645-B42D-1CCCA6BD08BD}") = "TicketSystemAppDeploy", "TicketSystemAppDeploy\TicketSystemAppDeploy.njsproj", "{A085E80D-2049-4011-9CDB-AEE41F3D1CE5}"
EndProject
Global
	GlobalSection(SolutionConfigurationPlatforms) = preSolution
		Debug|Any CPU = Debug|Any CPU
		Release|Any CPU = Release|Any CPU
	EndGlobalSection
	GlobalSection(ProjectConfigurationPlatforms) = postSolution
		{A085E80D-2049-4011-9CDB-AEE41F3D1CE5}.Debug|Any CPU.ActiveCfg = Debug|Any CPU
		{A085E80D-2049-4011-9CDB-AEE41F3D1CE5}.Debug|Any CPU.Build.0 = Debug|Any CPU
		{A085E80D-2049-4011-9CDB-AEE41F3D1CE5}.Release|Any CPU.ActiveCfg = Release|Any CPU
		{A085E80D-2049-4011-9CDB-AEE41F3D1CE5}.Release|Any CPU.Build.0 = Release|Any CPU
	EndGlobalSection
	GlobalSection(SolutionProperties) = preSolution
		HideSolutionNode = FALSE
	EndGlobalSection
	GlobalSection(ExtensibilityGlobals) = postSolution
		SolutionGuid = {DA6AA6A1-34DF-4362-9DC2-0C032E8BD5BE}
	EndGlobalSection
EndGlobal
