
Microsoft Visual Studio Solution File, Format Version 12.00
# Visual Studio Version 16
VisualStudioVersion = 16.0.30011.22
MinimumVisualStudioVersion = 10.0.40219.1
Project("{9092AA53-FB77-4645-B42D-1CCCA6BD08BD}") = "TicketSystemAppDeploy", "TicketSystemAppDeploy.njsproj", "{AFA11B71-A51A-481F-BD0A-258EB673C823}"
EndProject
Global
	GlobalSection(SolutionConfigurationPlatforms) = preSolution
		Debug|Any CPU = Debug|Any CPU
		Release|Any CPU = Release|Any CPU
	EndGlobalSection
	GlobalSection(ProjectConfigurationPlatforms) = postSolution
		{AFA11B71-A51A-481F-BD0A-258EB673C823}.Debug|Any CPU.ActiveCfg = Debug|Any CPU
		{AFA11B71-A51A-481F-BD0A-258EB673C823}.Debug|Any CPU.Build.0 = Debug|Any CPU
		{AFA11B71-A51A-481F-BD0A-258EB673C823}.Release|Any CPU.ActiveCfg = Release|Any CPU
		{AFA11B71-A51A-481F-BD0A-258EB673C823}.Release|Any CPU.Build.0 = Release|Any CPU
	EndGlobalSection
	GlobalSection(SolutionProperties) = preSolution
		HideSolutionNode = FALSE
	EndGlobalSection
	GlobalSection(ExtensibilityGlobals) = postSolution
		SolutionGuid = {AE2CC252-56DF-48E3-A33D-64A1C02C261E}
	EndGlobalSection
EndGlobal
