
Microsoft Visual Studio Solution File, Format Version 12.00
# Visual Studio Version 16
VisualStudioVersion = 16.0.30011.22
MinimumVisualStudioVersion = 10.0.40219.1
Project("{9092AA53-FB77-4645-B42D-1CCCA6BD08BD}") = "TicketSystemAppDeploy", "TicketSystemAppDeploy\TicketSystemAppDeploy.njsproj", "{DE6F2A2B-0FF9-4983-93AB-70E09612E301}"
EndProject
Global
	GlobalSection(SolutionConfigurationPlatforms) = preSolution
		Debug|Any CPU = Debug|Any CPU
		Release|Any CPU = Release|Any CPU
	EndGlobalSection
	GlobalSection(ProjectConfigurationPlatforms) = postSolution
		{DE6F2A2B-0FF9-4983-93AB-70E09612E301}.Debug|Any CPU.ActiveCfg = Debug|Any CPU
		{DE6F2A2B-0FF9-4983-93AB-70E09612E301}.Debug|Any CPU.Build.0 = Debug|Any CPU
		{DE6F2A2B-0FF9-4983-93AB-70E09612E301}.Release|Any CPU.ActiveCfg = Release|Any CPU
		{DE6F2A2B-0FF9-4983-93AB-70E09612E301}.Release|Any CPU.Build.0 = Release|Any CPU
	EndGlobalSection
	GlobalSection(SolutionProperties) = preSolution
		HideSolutionNode = FALSE
	EndGlobalSection
	GlobalSection(ExtensibilityGlobals) = postSolution
		SolutionGuid = {80F5A44D-3635-482C-B365-0EBDF6018BD6}
	EndGlobalSection
EndGlobal
